
Microsoft Visual Studio Solution File, Format Version 12.00
# Visual Studio Version 17
VisualStudioVersion = 17.3.32811.315
MinimumVisualStudioVersion = 10.0.40219.1
Project("{FAE04EC0-301F-11D3-BF4B-00C04F79EFBC}") = "MyThirdProject", "MyThirdProject.csproj", "{DC308894-8515-4CE9-9D9B-23207458C75A}"
EndProject
Global
	GlobalSection(SolutionConfigurationPlatforms) = preSolution
		Debug|Any CPU = Debug|Any CPU
		Release|Any CPU = Release|Any CPU
	EndGlobalSection
	GlobalSection(ProjectConfigurationPlatforms) = postSolution
		{DC308894-8515-4CE9-9D9B-23207458C75A}.Debug|Any CPU.ActiveCfg = Debug|Any CPU
		{DC308894-8515-4CE9-9D9B-23207458C75A}.Debug|Any CPU.Build.0 = Debug|Any CPU
		{DC308894-8515-4CE9-9D9B-23207458C75A}.Release|Any CPU.ActiveCfg = Release|Any CPU
		{DC308894-8515-4CE9-9D9B-23207458C75A}.Release|Any CPU.Build.0 = Release|Any CPU
	EndGlobalSection
	GlobalSection(SolutionProperties) = preSolution
		HideSolutionNode = FALSE
	EndGlobalSection
	GlobalSection(ExtensibilityGlobals) = postSolution
		SolutionGuid = {78185E28-BC98-4D4E-A705-1D35ADC52A43}
	EndGlobalSection
EndGlobal
